// !$*UTF8*$!
{
	archiveVersion = 1;
	classes = {
	};
	objectVersion = 77;
	objects = {

/* Begin PBXBuildFile section */
		102089662F0ECDB600D1A59D /* README.md in Resources */ = {isa = PBXBuildFile; fileRef = 102089652F0ECDB600D1A59D /* README.md */; };
/* End PBXBuildFile section */

/* Begin PBXContainerItemProxy section */
		1020890B2F0C18C300D1A59D /* PBXContainerItemProxy */ = {
			isa = PBXContainerItemProxy;
			containerPortal = 102088F52F0C18C200D1A59D /* Project object */;
			proxyType = 1;
			remoteGlobalIDString = 102088FC2F0C18C200D1A59D;
			remoteInfo = NotesMacApp;
		};
		102089152F0C18C300D1A59D /* PBXContainerItemProxy */ = {
			isa = PBXContainerItemProxy;
			containerPortal = 102088F52F0C18C200D1A59D /* Project object */;
			proxyType = 1;
			remoteGlobalIDString = 102088FC2F0C18C200D1A59D;
			remoteInfo = NotesMacApp;
		};
/* End PBXContainerItemProxy section */

/* Begin PBXFileReference section */
		102088FD2F0C18C200D1A59D /* NotesMacApp.app */ = {isa = PBXFileReference; explicitFileType = wrapper.application; includeInIndex = 0; path = NotesMacApp.app; sourceTree = BUILT_PRODUCTS_DIR; };
		1020890A2F0C18C300D1A59D /* NotesMacAppTests.xctest */ = {isa = PBXFileReference; explicitFileType = wrapper.cfbundle; includeInIndex = 0; path = NotesMacAppTests.xctest; sourceTree = BUILT_PRODUCTS_DIR; };
		102089142F0C18C300D1A59D /* NotesMacAppUITests.xctest */ = {isa = PBXFileReference; explicitFileType = wrapper.cfbundle; includeInIndex = 0; path = NotesMacAppUITests.xctest; sourceTree = BUILT_PRODUCTS_DIR; };
		102089652F0ECDB600D1A59D /* README.md */ = {isa = PBXFileReference; lastKnownFileType = net.daringfireball.markdown; path = README.md; sourceTree = "<group>"; };
/* End PBXFileReference section */

/* Begin PBXFileSystemSynchronizedRootGroup section */
		102088FF2F0C18C200D1A59D /* NotesMacApp */ = {
			isa = PBXFileSystemSynchronizedRootGroup;
			path = NotesMacApp;
			sourceTree = "<group>";
		};
		1020890D2F0C18C300D1A59D /* NotesMacAppTests */ = {
			isa = PBXFileSystemSynchronizedRootGroup;
			path = NotesMacAppTests;
			sourceTree = "<group>";
		};
		102089172F0C18C300D1A59D /* NotesMacAppUITests */ = {
			isa = PBXFileSystemSynchronizedRootGroup;
			path = NotesMacAppUITests;
			sourceTree = "<group>";
		};
/* End PBXFileSystemSynchronizedRootGroup section */

/* Begin PBXFrameworksBuildPhase section */
		102088FA2F0C18C200D1A59D /* Frameworks */ = {
			isa = PBXFrameworksBuildPhase;
			buildActionMask = 2147483647;
			files = (
			);
			runOnlyForDeploymentPostprocessing = 0;
		};
		102089072F0C18C300D1A59D /* Frameworks */ = {
			isa = PBXFrameworksBuildPhase;
			buildActionMask = 2147483647;
			files = (
			);
			runOnlyForDeploymentPostprocessing = 0;
		};
		102089112F0C18C300D1A59D /* Frameworks */ = {
			isa = PBXFrameworksBuildPhase;
			buildActionMask = 2147483647;
			files = (
			);
			runOnlyForDeploymentPostprocessing = 0;
		};
/* End PBXFrameworksBuildPhase section */

/* Begin PBXGroup section */
		102088F42F0C18C200D1A59D = {
			isa = PBXGroup;
			children = (
				102089652F0ECDB600D1A59D /* README.md */,
				102088FF2F0C18C200D1A59D /* NotesMacApp */,
				1020890D2F0C18C300D1A59D /* NotesMacAppTests */,
				102089172F0C18C300D1A59D /* NotesMacAppUITests */,
				102088FE2F0C18C200D1A59D /* Products */,
			);
			sourceTree = "<group>";
		};
		102088FE2F0C18C200D1A59D /* Products */ = {
			isa = PBXGroup;
			children = (
				102088FD2F0C18C200D1A59D /* NotesMacApp.app */,
				1020890A2F0C18C300D1A59D /* NotesMacAppTests.xctest */,
				102089142F0C18C300D1A59D /* NotesMacAppUITests.xctest */,
			);
			name = Products;
			sourceTree = "<group>";
		};
/* End PBXGroup section */

/* Begin PBXNativeTarget section */
		102088FC2F0C18C200D1A59D /* NotesMacApp */ = {
			isa = PBXNativeTarget;
			buildConfigurationList = 1020891E2F0C18C300D1A59D /* Build configuration list for PBXNativeTarget "NotesMacApp" */;
			buildPhases = (
				102088F92F0C18C200D1A59D /* Sources */,
				102088FA2F0C18C200D1A59D /* Frameworks */,
				102088FB2F0C18C200D1A59D /* Resources */,
			);
			buildRules = (
			);
			dependencies = (
			);
			fileSystemSynchronizedGroups = (
				102088FF2F0C18C200D1A59D /* NotesMacApp */,
			);
			name = NotesMacApp;
			packageProductDependencies = (
			);
			productName = NotesMacApp;
			productReference = 102088FD2F0C18C200D1A59D /* NotesMacApp.app */;
			productType = "com.apple.product-type.application";
		};
		102089092F0C18C300D1A59D /* NotesMacAppTests */ = {
			isa = PBXNativeTarget;
			buildConfigurationList = 102089212F0C18C300D1A59D /* Build configuration list for PBXNativeTarget "NotesMacAppTests" */;
			buildPhases = (
				102089062F0C18C300D1A59D /* Sources */,
				102089072F0C18C300D1A59D /* Frameworks */,
				102089082F0C18C300D1A59D /* Resources */,
			);
			buildRules = (
			);
			dependencies = (
				1020890C2F0C18C300D1A59D /* PBXTargetDependency */,
			);
			fileSystemSynchronizedGroups = (
				1020890D2F0C18C300D1A59D /* NotesMacAppTests */,
			);
			name = NotesMacAppTests;
			packageProductDependencies = (
			);
			productName = NotesMacAppTests;
			productReference = 1020890A2F0C18C300D1A59D /* NotesMacAppTests.xctest */;
			productType = "com.apple.product-type.bundle.unit-test";
		};
		102089132F0C18C300D1A59D /* NotesMacAppUITests */ = {
			isa = PBXNativeTarget;
			buildConfigurationList = 102089242F0C18C300D1A59D /* Build configuration list for PBXNativeTarget "NotesMacAppUITests" */;
			buildPhases = (
				102089102F0C18C300D1A59D /* Sources */,
				102089112F0C18C300D1A59D /* Frameworks */,
				102089122F0C18C300D1A59D /* Resources */,
			);
			buildRules = (
			);
			dependencies = (
				102089162F0C18C300D1A59D /* PBXTargetDependency */,
			);
			fileSystemSynchronizedGroups = (
				102089172F0C18C300D1A59D /* NotesMacAppUITests */,
			);
			name = NotesMacAppUITests;
			packageProductDependencies = (
			);
			productName = NotesMacAppUITests;
			productReference = 102089142F0C18C300D1A59D /* NotesMacAppUITests.xctest */;
			productType = "com.apple.product-type.bundle.ui-testing";
		};
/* End PBXNativeTarget section */

/* Begin PBXProject section */
		102088F52F0C18C200D1A59D /* Project object */ = {
			isa = PBXProject;
			attributes = {
				BuildIndependentTargetsInParallel = 1;
				LastSwiftUpdateCheck = 2620;
				LastUpgradeCheck = 2620;
				TargetAttributes = {
					102088FC2F0C18C200D1A59D = {
						CreatedOnToolsVersion = 26.2;
					};
					102089092F0C18C300D1A59D = {
						CreatedOnToolsVersion = 26.2;
						TestTargetID = 102088FC2F0C18C200D1A59D;
					};
					102089132F0C18C300D1A59D = {
						CreatedOnToolsVersion = 26.2;
						TestTargetID = 102088FC2F0C18C200D1A59D;
					};
				};
			};
			buildConfigurationList = 102088F82F0C18C200D1A59D /* Build configuration list for PBXProject "NotesMacApp" */;
			developmentRegion = en;
			hasScannedForEncodings = 0;
			knownRegions = (
				en,
				Base,
			);
			mainGroup = 102088F42F0C18C200D1A59D;
			minimizedProjectReferenceProxies = 1;
			preferredProjectObjectVersion = 77;
			productRefGroup = 102088FE2F0C18C200D1A59D /* Products */;
			projectDirPath = "";
			projectRoot = "";
			targets = (
				102088FC2F0C18C200D1A59D /* NotesMacApp */,
				102089092F0C18C300D1A59D /* NotesMacAppTests */,
				102089132F0C18C300D1A59D /* NotesMacAppUITests */,
			);
		};
/* End PBXProject section */

/* Begin PBXResourcesBuildPhase section */
		102088FB2F0C18C200D1A59D /* Resources */ = {
			isa = PBXResourcesBuildPhase;
			buildActionMask = 2147483647;
			files = (
				102089662F0ECDB600D1A59D /* README.md in Resources */,
			);
			runOnlyForDeploymentPostprocessing = 0;
		};
		102089082F0C18C300D1A59D /* Resources */ = {
			isa = PBXResourcesBuildPhase;
			buildActionMask = 2147483647;
			files = (
			);
			runOnlyForDeploymentPostprocessing = 0;
		};
		102089122F0C18C300D1A59D /* Resources */ = {
			isa = PBXResourcesBuildPhase;
			buildActionMask = 2147483647;
			files = (
			);
			runOnlyForDeploymentPostprocessing = 0;
		};
/* End PBXResourcesBuildPhase section */

/* Begin PBXSourcesBuildPhase section */
		102088F92F0C18C200D1A59D /* Sources */ = {
			isa = PBXSourcesBuildPhase;
			buildActionMask = 2147483647;
			files = (
			);
			runOnlyForDeploymentPostprocessing = 0;
		};
		102089062F0C18C300D1A59D /* Sources */ = {
			isa = PBXSourcesBuildPhase;
			buildActionMask = 2147483647;
			files = (
			);
			runOnlyForDeploymentPostprocessing = 0;
		};
		102089102F0C18C300D1A59D /* Sources */ = {
			isa = PBXSourcesBuildPhase;
			buildActionMask = 2147483647;
			files = (
			);
			runOnlyForDeploymentPostprocessing = 0;
		};
/* End PBXSourcesBuildPhase section */

/* Begin PBXTargetDependency section */
		1020890C2F0C18C300D1A59D /* PBXTargetDependency */ = {
			isa = PBXTargetDependency;
			target = 102088FC2F0C18C200D1A59D /* NotesMacApp */;
			targetProxy = 1020890B2F0C18C300D1A59D /* PBXContainerItemProxy */;
		};
		102089162F0C18C300D1A59D /* PBXTargetDependency */ = {
			isa = PBXTargetDependency;
			target = 102088FC2F0C18C200D1A59D /* NotesMacApp */;
			targetProxy = 102089152F0C18C300D1A59D /* PBXContainerItemProxy */;
		};
/* End PBXTargetDependency section */

/* Begin XCBuildConfiguration section */
		1020891C2F0C18C300D1A59D /* Debug */ = {
			isa = XCBuildConfiguration;
			buildSettings = {
				ALWAYS_SEARCH_USER_PATHS = NO;
				ASSETCATALOG_COMPILER_GENERATE_SWIFT_ASSET_SYMBOL_EXTENSIONS = YES;
				CLANG_ANALYZER_NONNULL = YES;
				CLANG_ANALYZER_NUMBER_OBJECT_CONVERSION = YES_AGGRESSIVE;
				CLANG_CXX_LANGUAGE_STANDARD = "gnu++20";
				CLANG_ENABLE_MODULES = YES;
				CLANG_ENABLE_OBJC_ARC = YES;
				CLANG_ENABLE_OBJC_WEAK = YES;
				CLANG_WARN_BLOCK_CAPTURE_AUTORELEASING = YES;
				CLANG_WARN_BOOL_CONVERSION = YES;
				CLANG_WARN_COMMA = YES;
				CLANG_WARN_CONSTANT_CONVERSION = YES;
				CLANG_WARN_DEPRECATED_OBJC_IMPLEMENTATIONS = YES;
				CLANG_WARN_DIRECT_OBJC_ISA_USAGE = YES_ERROR;
				CLANG_WARN_DOCUMENTATION_COMMENTS = YES;
				CLANG_WARN_EMPTY_BODY = YES;
				CLANG_WARN_ENUM_CONVERSION = YES;
				CLANG_WARN_INFINITE_RECURSION = YES;
				CLANG_WARN_INT_CONVERSION = YES;
				CLANG_WARN_NON_LITERAL_NULL_CONVERSION = YES;
				CLANG_WARN_OBJC_IMPLICIT_RETAIN_SELF = YES;
				CLANG_WARN_OBJC_LITERAL_CONVERSION = YES;
				CLANG_WARN_OBJC_ROOT_CLASS = YES_ERROR;
				CLANG_WARN_QUOTED_INCLUDE_IN_FRAMEWORK_HEADER = YES;
				CLANG_WARN_RANGE_LOOP_ANALYSIS = YES;
				CLANG_WARN_STRICT_PROTOTYPES = YES;
				CLANG_WARN_SUSPICIOUS_MOVE = YES;
				CLANG_WARN_UNGUARDED_AVAILABILITY = YES_AGGRESSIVE;
				CLANG_WARN_UNREACHABLE_CODE = YES;
				CLANG_WARN__DUPLICATE_METHOD_MATCH = YES;
				COPY_PHASE_STRIP = NO;
				DEBUG_INFORMATION_FORMAT = dwarf;
				DEVELOPMENT_TEAM = K5Y84SU9JD;
				ENABLE_STRICT_OBJC_MSGSEND = YES;
				ENABLE_TESTABILITY = YES;
				ENABLE_USER_SCRIPT_SANDBOXING = YES;
				GCC_C_LANGUAGE_STANDARD = gnu17;
				GCC_DYNAMIC_NO_PIC = NO;
				GCC_NO_COMMON_BLOCKS = YES;
				GCC_OPTIMIZATION_LEVEL = 0;
				GCC_PREPROCESSOR_DEFINITIONS = (
					"DEBUG=1",
					"$(inherited)",
				);
				GCC_WARN_64_TO_32_BIT_CONVERSION = YES;
				GCC_WARN_ABOUT_RETURN_TYPE = YES_ERROR;
				GCC_WARN_UNDECLARED_SELECTOR = YES;
				GCC_WARN_UNINITIALIZED_AUTOS = YES_AGGRESSIVE;
				GCC_WARN_UNUSED_FUNCTION = YES;
				GCC_WARN_UNUSED_VARIABLE = YES;
				LOCALIZATION_PREFERS_STRING_CATALOGS = YES;
				MACOSX_DEPLOYMENT_TARGET = 26.2;
				MTL_ENABLE_DEBUG_INFO = INCLUDE_SOURCE;
				MTL_FAST_MATH = YES;
				ONLY_ACTIVE_ARCH = YES;
				SDKROOT = macosx;
				SWIFT_ACTIVE_COMPILATION_CONDITIONS = "DEBUG $(inherited)";
				SWIFT_OPTIMIZATION_LEVEL = "-Onone";
			};
			name = Debug;
		};
		1020891D2F0C18C300D1A59D /* Release */ = {
			isa = XCBuildConfiguration;
			buildSettings = {
				ALWAYS_SEARCH_USER_PATHS = NO;
				ASSETCATALOG_COMPILER_GENERATE_SWIFT_ASSET_SYMBOL_EXTENSIONS = YES;
				CLANG_ANALYZER_NONNULL = YES;
				CLANG_ANALYZER_NUMBER_OBJECT_CONVERSION = YES_AGGRESSIVE;
				CLANG_CXX_LANGUAGE_STANDARD = "gnu++20";
				CLANG_ENABLE_MODULES = YES;
				CLANG_ENABLE_OBJC_ARC = YES;
				CLANG_ENABLE_OBJC_WEAK = YES;
				CLANG_WARN_BLOCK_CAPTURE_AUTORELEASING = YES;
				CLANG_WARN_BOOL_CONVERSION = YES;
				CLANG_WARN_COMMA = YES;
				CLANG_WARN_CONSTANT_CONVERSION = YES;
				CLANG_WARN_DEPRECATED_OBJC_IMPLEMENTATIONS = YES;
				CLANG_WARN_DIRECT_OBJC_ISA_USAGE = YES_ERROR;
				CLANG_WARN_DOCUMENTATION_COMMENTS = YES;
				CLANG_WARN_EMPTY_BODY = YES;
				CLANG_WARN_ENUM_CONVERSION = YES;
				CLANG_WARN_INFINITE_RECURSION = YES;
				CLANG_WARN_INT_CONVERSION = YES;
				CLANG_WARN_NON_LITERAL_NULL_CONVERSION = YES;
				CLANG_WARN_OBJC_IMPLICIT_RETAIN_SELF = YES;
				CLANG_WARN_OBJC_LITERAL_CONVERSION = YES;
				CLANG_WARN_OBJC_ROOT_CLASS = YES_ERROR;
				CLANG_WARN_QUOTED_INCLUDE_IN_FRAMEWORK_HEADER = YES;
				CLANG_WARN_RANGE_LOOP_ANALYSIS = YES;
				CLANG_WARN_STRICT_PROTOTYPES = YES;
				CLANG_WARN_SUSPICIOUS_MOVE = YES;
				CLANG_WARN_UNGUARDED_AVAILABILITY = YES_AGGRESSIVE;
				CLANG_WARN_UNREACHABLE_CODE = YES;
				CLANG_WARN__DUPLICATE_METHOD_MATCH = YES;
				COPY_PHASE_STRIP = NO;
				DEBUG_INFORMATION_FORMAT = "dwarf-with-dsym";
				DEVELOPMENT_TEAM = K5Y84SU9JD;
				ENABLE_NS_ASSERTIONS = NO;
				ENABLE_STRICT_OBJC_MSGSEND = YES;
				ENABLE_USER_SCRIPT_SANDBOXING = YES;
				GCC_C_LANGUAGE_STANDARD = gnu17;
				GCC_NO_COMMON_BLOCKS = YES;
				GCC_WARN_64_TO_32_BIT_CONVERSION = YES;
				GCC_WARN_ABOUT_RETURN_TYPE = YES_ERROR;
				GCC_WARN_UNDECLARED_SELECTOR = YES;
				GCC_WARN_UNINITIALIZED_AUTOS = YES_AGGRESSIVE;
				GCC_WARN_UNUSED_FUNCTION = YES;
				GCC_WARN_UNUSED_VARIABLE = YES;
				LOCALIZATION_PREFERS_STRING_CATALOGS = YES;
				MACOSX_DEPLOYMENT_TARGET = 26.2;
				MTL_ENABLE_DEBUG_INFO = NO;
				MTL_FAST_MATH = YES;
				SDKROOT = macosx;
				SWIFT_COMPILATION_MODE = wholemodule;
			};
			name = Release;
		};
		1020891F2F0C18C300D1A59D /* Debug */ = {
			isa = XCBuildConfiguration;
			buildSettings = {
				ASSETCATALOG_COMPILER_APPICON_NAME = AppIcon;
				ASSETCATALOG_COMPILER_GLOBAL_ACCENT_COLOR_NAME = AccentColor;
				CODE_SIGN_STYLE = Automatic;
				COMBINE_HIDPI_IMAGES = YES;
				CURRENT_PROJECT_VERSION = 1;
				DEVELOPMENT_TEAM = K5Y84SU9JD;
				ENABLE_APP_SANDBOX = YES;
				ENABLE_HARDENED_RUNTIME = YES;
				ENABLE_PREVIEWS = YES;
				ENABLE_USER_SELECTED_FILES = readonly;
				GENERATE_INFOPLIST_FILE = YES;
				INFOPLIST_KEY_NSHumanReadableCopyright = "";
				LD_RUNPATH_SEARCH_PATHS = (
					"$(inherited)",
					"@executable_path/../Frameworks",
				);
				MARKETING_VERSION = 1.0;
				PRODUCT_BUNDLE_IDENTIFIER = com.NotesMacApp;
				PRODUCT_NAME = "$(TARGET_NAME)";
				REGISTER_APP_GROUPS = YES;
				STRING_CATALOG_GENERATE_SYMBOLS = YES;
				SWIFT_APPROACHABLE_CONCURRENCY = YES;
				SWIFT_DEFAULT_ACTOR_ISOLATION = MainActor;
				SWIFT_EMIT_LOC_STRINGS = YES;
				SWIFT_UPCOMING_FEATURE_MEMBER_IMPORT_VISIBILITY = YES;
				SWIFT_VERSION = 5.0;
			};
			name = Debug;
		};
		102089202F0C18C300D1A59D /* Release */ = {
			isa = XCBuildConfiguration;
			buildSettings = {
				ASSETCATALOG_COMPILER_APPICON_NAME = AppIcon;
				ASSETCATALOG_COMPILER_GLOBAL_ACCENT_COLOR_NAME = AccentColor;
				CODE_SIGN_STYLE = Automatic;
				COMBINE_HIDPI_IMAGES = YES;
				CURRENT_PROJECT_VERSION = 1;
				DEVELOPMENT_TEAM = K5Y84SU9JD;
				ENABLE_APP_SANDBOX = YES;
				ENABLE_HARDENED_RUNTIME = YES;
				ENABLE_PREVIEWS = YES;
				ENABLE_USER_SELECTED_FILES = readonly;
				GENERATE_INFOPLIST_FILE = YES;
				INFOPLIST_KEY_NSHumanReadableCopyright = "";
				LD_RUNPATH_SEARCH_PATHS = (
					"$(inherited)",
					"@executable_path/../Frameworks",
				);
				MARKETING_VERSION = 1.0;
				PRODUCT_BUNDLE_IDENTIFIER = com.NotesMacApp;
				PRODUCT_NAME = "$(TARGET_NAME)";
				REGISTER_APP_GROUPS = YES;
				STRING_CATALOG_GENERATE_SYMBOLS = YES;
				SWIFT_APPROACHABLE_CONCURRENCY = YES;
				SWIFT_DEFAULT_ACTOR_ISOLATION = MainActor;
				SWIFT_EMIT_LOC_STRINGS = YES;
				SWIFT_UPCOMING_FEATURE_MEMBER_IMPORT_VISIBILITY = YES;
				SWIFT_VERSION = 5.0;
			};
			name = Release;
		};
		102089222F0C18C300D1A59D /* Debug */ = {
			isa = XCBuildConfiguration;
			buildSettings = {
				BUNDLE_LOADER = "$(TEST_HOST)";
				CODE_SIGN_STYLE = Automatic;
				CURRENT_PROJECT_VERSION = 1;
				DEVELOPMENT_TEAM = K5Y84SU9JD;
				GENERATE_INFOPLIST_FILE = YES;
				MACOSX_DEPLOYMENT_TARGET = 26.2;
				MARKETING_VERSION = 1.0;
				PRODUCT_BUNDLE_IDENTIFIER = com.NotesMacAppTests;
				PRODUCT_NAME = "$(TARGET_NAME)";
				STRING_CATALOG_GENERATE_SYMBOLS = NO;
				SWIFT_APPROACHABLE_CONCURRENCY = YES;
				SWIFT_EMIT_LOC_STRINGS = NO;
				SWIFT_UPCOMING_FEATURE_MEMBER_IMPORT_VISIBILITY = YES;
				SWIFT_VERSION = 5.0;
				TEST_HOST = "$(BUILT_PRODUCTS_DIR)/NotesMacApp.app/$(BUNDLE_EXECUTABLE_FOLDER_PATH)/NotesMacApp";
			};
			name = Debug;
		};
		102089232F0C18C300D1A59D /* Release */ = {
			isa = XCBuildConfiguration;
			buildSettings = {
				BUNDLE_LOADER = "$(TEST_HOST)";
				CODE_SIGN_STYLE = Automatic;
				CURRENT_PROJECT_VERSION = 1;
				DEVELOPMENT_TEAM = K5Y84SU9JD;
				GENERATE_INFOPLIST_FILE = YES;
				MACOSX_DEPLOYMENT_TARGET = 26.2;
				MARKETING_VERSION = 1.0;
				PRODUCT_BUNDLE_IDENTIFIER = com.NotesMacAppTests;
				PRODUCT_NAME = "$(TARGET_NAME)";
				STRING_CATALOG_GENERATE_SYMBOLS = NO;
				SWIFT_APPROACHABLE_CONCURRENCY = YES;
				SWIFT_EMIT_LOC_STRINGS = NO;
				SWIFT_UPCOMING_FEATURE_MEMBER_IMPORT_VISIBILITY = YES;
				SWIFT_VERSION = 5.0;
				TEST_HOST = "$(BUILT_PRODUCTS_DIR)/NotesMacApp.app/$(BUNDLE_EXECUTABLE_FOLDER_PATH)/NotesMacApp";
			};
			name = Release;
		};
		102089252F0C18C300D1A59D /* Debug */ = {
			isa = XCBuildConfiguration;
			buildSettings = {
				CODE_SIGN_STYLE = Automatic;
				CURRENT_PROJECT_VERSION = 1;
				DEVELOPMENT_TEAM = K5Y84SU9JD;
				GENERATE_INFOPLIST_FILE = YES;
				MARKETING_VERSION = 1.0;
				PRODUCT_BUNDLE_IDENTIFIER = com.NotesMacAppUITests;
				PRODUCT_NAME = "$(TARGET_NAME)";
				STRING_CATALOG_GENERATE_SYMBOLS = NO;
				SWIFT_APPROACHABLE_CONCURRENCY = YES;
				SWIFT_EMIT_LOC_STRINGS = NO;
				SWIFT_UPCOMING_FEATURE_MEMBER_IMPORT_VISIBILITY = YES;
				SWIFT_VERSION = 5.0;
				TEST_TARGET_NAME = NotesMacApp;
			};
			name = Debug;
		};
		102089262F0C18C300D1A59D /* Release */ = {
			isa = XCBuildConfiguration;
			buildSettings = {
				CODE_SIGN_STYLE = Automatic;
				CURRENT_PROJECT_VERSION = 1;
				DEVELOPMENT_TEAM = K5Y84SU9JD;
				GENERATE_INFOPLIST_FILE = YES;
				MARKETING_VERSION = 1.0;
				PRODUCT_BUNDLE_IDENTIFIER = com.NotesMacAppUITests;
				PRODUCT_NAME = "$(TARGET_NAME)";
				STRING_CATALOG_GENERATE_SYMBOLS = NO;
				SWIFT_APPROACHABLE_CONCURRENCY = YES;
				SWIFT_EMIT_LOC_STRINGS = NO;
				SWIFT_UPCOMING_FEATURE_MEMBER_IMPORT_VISIBILITY = YES;
				SWIFT_VERSION = 5.0;
				TEST_TARGET_NAME = NotesMacApp;
			};
			name = Release;
		};
/* End XCBuildConfiguration section */

/* Begin XCConfigurationList section */
		102088F82F0C18C200D1A59D /* Build configuration list for PBXProject "NotesMacApp" */ = {
			isa = XCConfigurationList;
			buildConfigurations = (
				1020891C2F0C18C300D1A59D /* Debug */,
				1020891D2F0C18C300D1A59D /* Release */,
			);
			defaultConfigurationIsVisible = 0;
			defaultConfigurationName = Release;
		};
		1020891E2F0C18C300D1A59D /* Build configuration list for PBXNativeTarget "NotesMacApp" */ = {
			isa = XCConfigurationList;
			buildConfigurations = (
				1020891F2F0C18C300D1A59D /* Debug */,
				102089202F0C18C300D1A59D /* Release */,
			);
			defaultConfigurationIsVisible = 0;
			defaultConfigurationName = Release;
		};
		102089212F0C18C300D1A59D /* Build configuration list for PBXNativeTarget "NotesMacAppTests" */ = {
			isa = XCConfigurationList;
			buildConfigurations = (
				102089222F0C18C300D1A59D /* Debug */,
				102089232F0C18C300D1A59D /* Release */,
			);
			defaultConfigurationIsVisible = 0;
			defaultConfigurationName = Release;
		};
		102089242F0C18C300D1A59D /* Build configuration list for PBXNativeTarget "NotesMacAppUITests" */ = {
			isa = XCConfigurationList;
			buildConfigurations = (
				102089252F0C18C300D1A59D /* Debug */,
				102089262F0C18C300D1A59D /* Release */,
			);
			defaultConfigurationIsVisible = 0;
			defaultConfigurationName = Release;
		};
/* End XCConfigurationList section */
	};
	rootObject = 102088F52F0C18C200D1A59D /* Project object */;
}
